
Microsoft Visual Studio Solution File, Format Version 12.00
# Visual Studio Version 16
VisualStudioVersion = 16.0.31410.357
MinimumVisualStudioVersion = 10.0.40219.1
Project("{FAE04EC0-301F-11D3-BF4B-00C04F79EFBC}") = "WindowsFormsContacts", "WindowsFormsContacts\WindowsFormsContacts.csproj", "{1A935E1F-DA1C-4E09-A719-9721C480705C}"
EndProject
Global
	GlobalSection(SolutionConfigurationPlatforms) = preSolution
		Debug|Any CPU = Debug|Any CPU
		Release|Any CPU = Release|Any CPU
	EndGlobalSection
	GlobalSection(ProjectConfigurationPlatforms) = postSolution
		{1A935E1F-DA1C-4E09-A719-9721C480705C}.Debug|Any CPU.ActiveCfg = Debug|Any CPU
		{1A935E1F-DA1C-4E09-A719-9721C480705C}.Debug|Any CPU.Build.0 = Debug|Any CPU
		{1A935E1F-DA1C-4E09-A719-9721C480705C}.Release|Any CPU.ActiveCfg = Release|Any CPU
		{1A935E1F-DA1C-4E09-A719-9721C480705C}.Release|Any CPU.Build.0 = Release|Any CPU
	EndGlobalSection
	GlobalSection(SolutionProperties) = preSolution
		HideSolutionNode = FALSE
	EndGlobalSection
	GlobalSection(ExtensibilityGlobals) = postSolution
		SolutionGuid = {78A7234C-FEB8-4EAA-B156-0398D83B4288}
	EndGlobalSection
EndGlobal
